
Microsoft Visual Studio Solution File, Format Version 12.00
# Visual Studio Version 17
VisualStudioVersion = 17.14.36301.6
MinimumVisualStudioVersion = 10.0.40219.1
Project("{8BC9CEB8-8B4A-11D0-8D11-00A0C91BC942}") = "project", "project.vcxproj", "{34401CA4-F901-401E-82DC-7523CAB9ABD4}"
EndProject
Project("{8BC9CEB8-8B4A-11D0-8D11-00A0C91BC942}") = "Class1th(Complie)", "..\Class1th(Complie)\Class1th(Complie).vcxproj", "{85D7C2F6-43AD-47D0-994D-1A978A0ED412}"
EndProject
Project("{8BC9CEB8-8B4A-11D0-8D11-00A0C91BC942}") = "class2th(Variable & constant)", "..\class2th(Variable & constant)\class2th(Variable & constant).vcxproj", "{E36877B9-E44E-4A3B-A05D-A621E92ABC4A}"
EndProject
Project("{8BC9CEB8-8B4A-11D0-8D11-00A0C91BC942}") = "class3th(Bit)", "..\class3th(Bit)\class3th(Bit).vcxproj", "{7C53475F-3292-480B-B93B-B8648E52D4DD}"
EndProject
Project("{8BC9CEB8-8B4A-11D0-8D11-00A0C91BC942}") = "class4th (Overflow & Underflow)", "..\class4th (Overflow & Underflow)\class4th (Overflow & Underflow).vcxproj", "{613C5198-5AF6-4A31-B516-7D6E0AC5651D}"
EndProject
Project("{8BC9CEB8-8B4A-11D0-8D11-00A0C91BC942}") = "class5th (conditional statement)", "..\class5th (conditional statement)\class5th (conditional statement).vcxproj", "{A9CFE472-5027-4CBB-B3E3-BCC5424BFD03}"
EndProject
Global
	GlobalSection(SolutionConfigurationPlatforms) = preSolution
		Debug|x64 = Debug|x64
		Debug|x86 = Debug|x86
		Release|x64 = Release|x64
		Release|x86 = Release|x86
	EndGlobalSection
	GlobalSection(ProjectConfigurationPlatforms) = postSolution
		{34401CA4-F901-401E-82DC-7523CAB9ABD4}.Debug|x64.ActiveCfg = Debug|x64
		{34401CA4-F901-401E-82DC-7523CAB9ABD4}.Debug|x64.Build.0 = Debug|x64
		{34401CA4-F901-401E-82DC-7523CAB9ABD4}.Debug|x86.ActiveCfg = Debug|Win32
		{34401CA4-F901-401E-82DC-7523CAB9ABD4}.Debug|x86.Build.0 = Debug|Win32
		{34401CA4-F901-401E-82DC-7523CAB9ABD4}.Release|x64.ActiveCfg = Release|x64
		{34401CA4-F901-401E-82DC-7523CAB9ABD4}.Release|x64.Build.0 = Release|x64
		{34401CA4-F901-401E-82DC-7523CAB9ABD4}.Release|x86.ActiveCfg = Release|Win32
		{34401CA4-F901-401E-82DC-7523CAB9ABD4}.Release|x86.Build.0 = Release|Win32
		{85D7C2F6-43AD-47D0-994D-1A978A0ED412}.Debug|x64.ActiveCfg = Debug|x64
		{85D7C2F6-43AD-47D0-994D-1A978A0ED412}.Debug|x64.Build.0 = Debug|x64
		{85D7C2F6-43AD-47D0-994D-1A978A0ED412}.Debug|x86.ActiveCfg = Debug|Win32
		{85D7C2F6-43AD-47D0-994D-1A978A0ED412}.Debug|x86.Build.0 = Debug|Win32
		{85D7C2F6-43AD-47D0-994D-1A978A0ED412}.Release|x64.ActiveCfg = Release|x64
		{85D7C2F6-43AD-47D0-994D-1A978A0ED412}.Release|x64.Build.0 = Release|x64
		{85D7C2F6-43AD-47D0-994D-1A978A0ED412}.Release|x86.ActiveCfg = Release|Win32
		{85D7C2F6-43AD-47D0-994D-1A978A0ED412}.Release|x86.Build.0 = Release|Win32
		{E36877B9-E44E-4A3B-A05D-A621E92ABC4A}.Debug|x64.ActiveCfg = Debug|x64
		{E36877B9-E44E-4A3B-A05D-A621E92ABC4A}.Debug|x64.Build.0 = Debug|x64
		{E36877B9-E44E-4A3B-A05D-A621E92ABC4A}.Debug|x86.ActiveCfg = Debug|Win32
		{E36877B9-E44E-4A3B-A05D-A621E92ABC4A}.Debug|x86.Build.0 = Debug|Win32
		{E36877B9-E44E-4A3B-A05D-A621E92ABC4A}.Release|x64.ActiveCfg = Release|x64
		{E36877B9-E44E-4A3B-A05D-A621E92ABC4A}.Release|x64.Build.0 = Release|x64
		{E36877B9-E44E-4A3B-A05D-A621E92ABC4A}.Release|x86.ActiveCfg = Release|Win32
		{E36877B9-E44E-4A3B-A05D-A621E92ABC4A}.Release|x86.Build.0 = Release|Win32
		{7C53475F-3292-480B-B93B-B8648E52D4DD}.Debug|x64.ActiveCfg = Debug|x64
		{7C53475F-3292-480B-B93B-B8648E52D4DD}.Debug|x64.Build.0 = Debug|x64
		{7C53475F-3292-480B-B93B-B8648E52D4DD}.Debug|x86.ActiveCfg = Debug|Win32
		{7C53475F-3292-480B-B93B-B8648E52D4DD}.Debug|x86.Build.0 = Debug|Win32
		{7C53475F-3292-480B-B93B-B8648E52D4DD}.Release|x64.ActiveCfg = Release|x64
		{7C53475F-3292-480B-B93B-B8648E52D4DD}.Release|x64.Build.0 = Release|x64
		{7C53475F-3292-480B-B93B-B8648E52D4DD}.Release|x86.ActiveCfg = Release|Win32
		{7C53475F-3292-480B-B93B-B8648E52D4DD}.Release|x86.Build.0 = Release|Win32
		{613C5198-5AF6-4A31-B516-7D6E0AC5651D}.Debug|x64.ActiveCfg = Debug|x64
		{613C5198-5AF6-4A31-B516-7D6E0AC5651D}.Debug|x64.Build.0 = Debug|x64
		{613C5198-5AF6-4A31-B516-7D6E0AC5651D}.Debug|x86.ActiveCfg = Debug|Win32
		{613C5198-5AF6-4A31-B516-7D6E0AC5651D}.Debug|x86.Build.0 = Debug|Win32
		{613C5198-5AF6-4A31-B516-7D6E0AC5651D}.Release|x64.ActiveCfg = Release|x64
		{613C5198-5AF6-4A31-B516-7D6E0AC5651D}.Release|x64.Build.0 = Release|x64
		{613C5198-5AF6-4A31-B516-7D6E0AC5651D}.Release|x86.ActiveCfg = Release|Win32
		{613C5198-5AF6-4A31-B516-7D6E0AC5651D}.Release|x86.Build.0 = Release|Win32
		{A9CFE472-5027-4CBB-B3E3-BCC5424BFD03}.Debug|x64.ActiveCfg = Debug|x64
		{A9CFE472-5027-4CBB-B3E3-BCC5424BFD03}.Debug|x64.Build.0 = Debug|x64
		{A9CFE472-5027-4CBB-B3E3-BCC5424BFD03}.Debug|x86.ActiveCfg = Debug|Win32
		{A9CFE472-5027-4CBB-B3E3-BCC5424BFD03}.Debug|x86.Build.0 = Debug|Win32
		{A9CFE472-5027-4CBB-B3E3-BCC5424BFD03}.Release|x64.ActiveCfg = Release|x64
		{A9CFE472-5027-4CBB-B3E3-BCC5424BFD03}.Release|x64.Build.0 = Release|x64
		{A9CFE472-5027-4CBB-B3E3-BCC5424BFD03}.Release|x86.ActiveCfg = Release|Win32
		{A9CFE472-5027-4CBB-B3E3-BCC5424BFD03}.Release|x86.Build.0 = Release|Win32
	EndGlobalSection
	GlobalSection(SolutionProperties) = preSolution
		HideSolutionNode = FALSE
	EndGlobalSection
	GlobalSection(ExtensibilityGlobals) = postSolution
		SolutionGuid = {9F36F741-93FF-4BD8-9830-E4B3A50EC44A}
	EndGlobalSection
EndGlobal
