
Microsoft Visual Studio Solution File, Format Version 12.00
# Visual Studio Version 17
VisualStudioVersion = 17.14.36301.6
MinimumVisualStudioVersion = 10.0.40219.1
Project("{8BC9CEB8-8B4A-11D0-8D11-00A0C91BC942}") = "project", "project.vcxproj", "{34401CA4-F901-401E-82DC-7523CAB9ABD4}"
EndProject
Project("{8BC9CEB8-8B4A-11D0-8D11-00A0C91BC942}") = "Class1th(Complie)", "..\Class1th(Complie)\Class1th(Complie).vcxproj", "{85D7C2F6-43AD-47D0-994D-1A978A0ED412}"
EndProject
Project("{8BC9CEB8-8B4A-11D0-8D11-00A0C91BC942}") = "class2th(Variable & constant)", "..\class2th(Variable & constant)\class2th(Variable & constant).vcxproj", "{E36877B9-E44E-4A3B-A05D-A621E92ABC4A}"
EndProject
Project("{8BC9CEB8-8B4A-11D0-8D11-00A0C91BC942}") = "class3th(Bit)", "..\class3th(Bit)\class3th(Bit).vcxproj", "{7C53475F-3292-480B-B93B-B8648E52D4DD}"
EndProject
Project("{8BC9CEB8-8B4A-11D0-8D11-00A0C91BC942}") = "class4th (Overflow & Underflow)", "..\class4th (Overflow & Underflow)\class4th (Overflow & Underflow).vcxproj", "{613C5198-5AF6-4A31-B516-7D6E0AC5651D}"
EndProject
Project("{8BC9CEB8-8B4A-11D0-8D11-00A0C91BC942}") = "class5th (conditional statement)", "..\class5th (conditional statement)\class5th (conditional statement).vcxproj", "{A9CFE472-5027-4CBB-B3E3-BCC5424BFD03}"
EndProject
Project("{8BC9CEB8-8B4A-11D0-8D11-00A0C91BC942}") = "class6th( iteration statement)", "..\class6th( iteration statement)\class6th( iteration statement).vcxproj", "{E65EE347-AB6E-455E-BC4D-ADBF9D14FA84}"
EndProject
Project("{8BC9CEB8-8B4A-11D0-8D11-00A0C91BC942}") = "class7th( Type Conversion)", "..\class7th( Type Conversion)\class7th( Type Conversion).vcxproj", "{839C072D-AB4C-4ABB-8056-EB12991C81A3}"
EndProject
Project("{8BC9CEB8-8B4A-11D0-8D11-00A0C91BC942}") = "class8th(Pointer)", "..\class8th(Pointer)\class8th(Pointer).vcxproj", "{E2ED33F5-AB7E-4DC5-8424-B4884660B9C3}"
EndProject
Project("{8BC9CEB8-8B4A-11D0-8D11-00A0C91BC942}") = "class9th(array)", "..\class9th(array)\class9th(array).vcxproj", "{4ED54DD2-8FA2-4F90-BC6F-1C79DAFB77B9}"
EndProject
Project("{8BC9CEB8-8B4A-11D0-8D11-00A0C91BC942}") = "Class10th(Function)", "..\Class10th(Function)\Class10th(Function).vcxproj", "{86E2CC1B-6E82-44BC-975F-5D10A15C93E4}"
EndProject
Project("{8BC9CEB8-8B4A-11D0-8D11-00A0C91BC942}") = "Class11th(storage)", "..\Class11th(storage)\Class11th(storage).vcxproj", "{61F0B561-CF88-4898-A6DF-ADBD492798C4}"
EndProject
Project("{8BC9CEB8-8B4A-11D0-8D11-00A0C91BC942}") = "Class12th (Dynamic Allocation)", "..\Class12th (Dynamic Allocation)\Class12th (Dynamic Allocation).vcxproj", "{4F7F1706-83D7-4E85-803C-44A080C7A3FA}"
EndProject
Global
	GlobalSection(SolutionConfigurationPlatforms) = preSolution
		Debug|x64 = Debug|x64
		Debug|x86 = Debug|x86
		Release|x64 = Release|x64
		Release|x86 = Release|x86
	EndGlobalSection
	GlobalSection(ProjectConfigurationPlatforms) = postSolution
		{34401CA4-F901-401E-82DC-7523CAB9ABD4}.Debug|x64.ActiveCfg = Debug|x64
		{34401CA4-F901-401E-82DC-7523CAB9ABD4}.Debug|x64.Build.0 = Debug|x64
		{34401CA4-F901-401E-82DC-7523CAB9ABD4}.Debug|x86.ActiveCfg = Debug|Win32
		{34401CA4-F901-401E-82DC-7523CAB9ABD4}.Debug|x86.Build.0 = Debug|Win32
		{34401CA4-F901-401E-82DC-7523CAB9ABD4}.Release|x64.ActiveCfg = Release|x64
		{34401CA4-F901-401E-82DC-7523CAB9ABD4}.Release|x64.Build.0 = Release|x64
		{34401CA4-F901-401E-82DC-7523CAB9ABD4}.Release|x86.ActiveCfg = Release|Win32
		{34401CA4-F901-401E-82DC-7523CAB9ABD4}.Release|x86.Build.0 = Release|Win32
		{85D7C2F6-43AD-47D0-994D-1A978A0ED412}.Debug|x64.ActiveCfg = Debug|x64
		{85D7C2F6-43AD-47D0-994D-1A978A0ED412}.Debug|x64.Build.0 = Debug|x64
		{85D7C2F6-43AD-47D0-994D-1A978A0ED412}.Debug|x86.ActiveCfg = Debug|Win32
		{85D7C2F6-43AD-47D0-994D-1A978A0ED412}.Debug|x86.Build.0 = Debug|Win32
		{85D7C2F6-43AD-47D0-994D-1A978A0ED412}.Release|x64.ActiveCfg = Release|x64
		{85D7C2F6-43AD-47D0-994D-1A978A0ED412}.Release|x64.Build.0 = Release|x64
		{85D7C2F6-43AD-47D0-994D-1A978A0ED412}.Release|x86.ActiveCfg = Release|Win32
		{85D7C2F6-43AD-47D0-994D-1A978A0ED412}.Release|x86.Build.0 = Release|Win32
		{E36877B9-E44E-4A3B-A05D-A621E92ABC4A}.Debug|x64.ActiveCfg = Debug|x64
		{E36877B9-E44E-4A3B-A05D-A621E92ABC4A}.Debug|x64.Build.0 = Debug|x64
		{E36877B9-E44E-4A3B-A05D-A621E92ABC4A}.Debug|x86.ActiveCfg = Debug|Win32
		{E36877B9-E44E-4A3B-A05D-A621E92ABC4A}.Debug|x86.Build.0 = Debug|Win32
		{E36877B9-E44E-4A3B-A05D-A621E92ABC4A}.Release|x64.ActiveCfg = Release|x64
		{E36877B9-E44E-4A3B-A05D-A621E92ABC4A}.Release|x64.Build.0 = Release|x64
		{E36877B9-E44E-4A3B-A05D-A621E92ABC4A}.Release|x86.ActiveCfg = Release|Win32
		{E36877B9-E44E-4A3B-A05D-A621E92ABC4A}.Release|x86.Build.0 = Release|Win32
		{7C53475F-3292-480B-B93B-B8648E52D4DD}.Debug|x64.ActiveCfg = Debug|x64
		{7C53475F-3292-480B-B93B-B8648E52D4DD}.Debug|x64.Build.0 = Debug|x64
		{7C53475F-3292-480B-B93B-B8648E52D4DD}.Debug|x86.ActiveCfg = Debug|Win32
		{7C53475F-3292-480B-B93B-B8648E52D4DD}.Debug|x86.Build.0 = Debug|Win32
		{7C53475F-3292-480B-B93B-B8648E52D4DD}.Release|x64.ActiveCfg = Release|x64
		{7C53475F-3292-480B-B93B-B8648E52D4DD}.Release|x64.Build.0 = Release|x64
		{7C53475F-3292-480B-B93B-B8648E52D4DD}.Release|x86.ActiveCfg = Release|Win32
		{7C53475F-3292-480B-B93B-B8648E52D4DD}.Release|x86.Build.0 = Release|Win32
		{613C5198-5AF6-4A31-B516-7D6E0AC5651D}.Debug|x64.ActiveCfg = Debug|x64
		{613C5198-5AF6-4A31-B516-7D6E0AC5651D}.Debug|x64.Build.0 = Debug|x64
		{613C5198-5AF6-4A31-B516-7D6E0AC5651D}.Debug|x86.ActiveCfg = Debug|Win32
		{613C5198-5AF6-4A31-B516-7D6E0AC5651D}.Debug|x86.Build.0 = Debug|Win32
		{613C5198-5AF6-4A31-B516-7D6E0AC5651D}.Release|x64.ActiveCfg = Release|x64
		{613C5198-5AF6-4A31-B516-7D6E0AC5651D}.Release|x64.Build.0 = Release|x64
		{613C5198-5AF6-4A31-B516-7D6E0AC5651D}.Release|x86.ActiveCfg = Release|Win32
		{613C5198-5AF6-4A31-B516-7D6E0AC5651D}.Release|x86.Build.0 = Release|Win32
		{A9CFE472-5027-4CBB-B3E3-BCC5424BFD03}.Debug|x64.ActiveCfg = Debug|x64
		{A9CFE472-5027-4CBB-B3E3-BCC5424BFD03}.Debug|x64.Build.0 = Debug|x64
		{A9CFE472-5027-4CBB-B3E3-BCC5424BFD03}.Debug|x86.ActiveCfg = Debug|Win32
		{A9CFE472-5027-4CBB-B3E3-BCC5424BFD03}.Debug|x86.Build.0 = Debug|Win32
		{A9CFE472-5027-4CBB-B3E3-BCC5424BFD03}.Release|x64.ActiveCfg = Release|x64
		{A9CFE472-5027-4CBB-B3E3-BCC5424BFD03}.Release|x64.Build.0 = Release|x64
		{A9CFE472-5027-4CBB-B3E3-BCC5424BFD03}.Release|x86.ActiveCfg = Release|Win32
		{A9CFE472-5027-4CBB-B3E3-BCC5424BFD03}.Release|x86.Build.0 = Release|Win32
		{E65EE347-AB6E-455E-BC4D-ADBF9D14FA84}.Debug|x64.ActiveCfg = Debug|x64
		{E65EE347-AB6E-455E-BC4D-ADBF9D14FA84}.Debug|x64.Build.0 = Debug|x64
		{E65EE347-AB6E-455E-BC4D-ADBF9D14FA84}.Debug|x86.ActiveCfg = Debug|Win32
		{E65EE347-AB6E-455E-BC4D-ADBF9D14FA84}.Debug|x86.Build.0 = Debug|Win32
		{E65EE347-AB6E-455E-BC4D-ADBF9D14FA84}.Release|x64.ActiveCfg = Release|x64
		{E65EE347-AB6E-455E-BC4D-ADBF9D14FA84}.Release|x64.Build.0 = Release|x64
		{E65EE347-AB6E-455E-BC4D-ADBF9D14FA84}.Release|x86.ActiveCfg = Release|Win32
		{E65EE347-AB6E-455E-BC4D-ADBF9D14FA84}.Release|x86.Build.0 = Release|Win32
		{839C072D-AB4C-4ABB-8056-EB12991C81A3}.Debug|x64.ActiveCfg = Debug|x64
		{839C072D-AB4C-4ABB-8056-EB12991C81A3}.Debug|x64.Build.0 = Debug|x64
		{839C072D-AB4C-4ABB-8056-EB12991C81A3}.Debug|x86.ActiveCfg = Debug|Win32
		{839C072D-AB4C-4ABB-8056-EB12991C81A3}.Debug|x86.Build.0 = Debug|Win32
		{839C072D-AB4C-4ABB-8056-EB12991C81A3}.Release|x64.ActiveCfg = Release|x64
		{839C072D-AB4C-4ABB-8056-EB12991C81A3}.Release|x64.Build.0 = Release|x64
		{839C072D-AB4C-4ABB-8056-EB12991C81A3}.Release|x86.ActiveCfg = Release|Win32
		{839C072D-AB4C-4ABB-8056-EB12991C81A3}.Release|x86.Build.0 = Release|Win32
		{E2ED33F5-AB7E-4DC5-8424-B4884660B9C3}.Debug|x64.ActiveCfg = Debug|x64
		{E2ED33F5-AB7E-4DC5-8424-B4884660B9C3}.Debug|x64.Build.0 = Debug|x64
		{E2ED33F5-AB7E-4DC5-8424-B4884660B9C3}.Debug|x86.ActiveCfg = Debug|Win32
		{E2ED33F5-AB7E-4DC5-8424-B4884660B9C3}.Debug|x86.Build.0 = Debug|Win32
		{E2ED33F5-AB7E-4DC5-8424-B4884660B9C3}.Release|x64.ActiveCfg = Release|x64
		{E2ED33F5-AB7E-4DC5-8424-B4884660B9C3}.Release|x64.Build.0 = Release|x64
		{E2ED33F5-AB7E-4DC5-8424-B4884660B9C3}.Release|x86.ActiveCfg = Release|Win32
		{E2ED33F5-AB7E-4DC5-8424-B4884660B9C3}.Release|x86.Build.0 = Release|Win32
		{4ED54DD2-8FA2-4F90-BC6F-1C79DAFB77B9}.Debug|x64.ActiveCfg = Debug|x64
		{4ED54DD2-8FA2-4F90-BC6F-1C79DAFB77B9}.Debug|x64.Build.0 = Debug|x64
		{4ED54DD2-8FA2-4F90-BC6F-1C79DAFB77B9}.Debug|x86.ActiveCfg = Debug|Win32
		{4ED54DD2-8FA2-4F90-BC6F-1C79DAFB77B9}.Debug|x86.Build.0 = Debug|Win32
		{4ED54DD2-8FA2-4F90-BC6F-1C79DAFB77B9}.Release|x64.ActiveCfg = Release|x64
		{4ED54DD2-8FA2-4F90-BC6F-1C79DAFB77B9}.Release|x64.Build.0 = Release|x64
		{4ED54DD2-8FA2-4F90-BC6F-1C79DAFB77B9}.Release|x86.ActiveCfg = Release|Win32
		{4ED54DD2-8FA2-4F90-BC6F-1C79DAFB77B9}.Release|x86.Build.0 = Release|Win32
		{86E2CC1B-6E82-44BC-975F-5D10A15C93E4}.Debug|x64.ActiveCfg = Debug|x64
		{86E2CC1B-6E82-44BC-975F-5D10A15C93E4}.Debug|x64.Build.0 = Debug|x64
		{86E2CC1B-6E82-44BC-975F-5D10A15C93E4}.Debug|x86.ActiveCfg = Debug|Win32
		{86E2CC1B-6E82-44BC-975F-5D10A15C93E4}.Debug|x86.Build.0 = Debug|Win32
		{86E2CC1B-6E82-44BC-975F-5D10A15C93E4}.Release|x64.ActiveCfg = Release|x64
		{86E2CC1B-6E82-44BC-975F-5D10A15C93E4}.Release|x64.Build.0 = Release|x64
		{86E2CC1B-6E82-44BC-975F-5D10A15C93E4}.Release|x86.ActiveCfg = Release|Win32
		{86E2CC1B-6E82-44BC-975F-5D10A15C93E4}.Release|x86.Build.0 = Release|Win32
		{61F0B561-CF88-4898-A6DF-ADBD492798C4}.Debug|x64.ActiveCfg = Debug|x64
		{61F0B561-CF88-4898-A6DF-ADBD492798C4}.Debug|x64.Build.0 = Debug|x64
		{61F0B561-CF88-4898-A6DF-ADBD492798C4}.Debug|x86.ActiveCfg = Debug|Win32
		{61F0B561-CF88-4898-A6DF-ADBD492798C4}.Debug|x86.Build.0 = Debug|Win32
		{61F0B561-CF88-4898-A6DF-ADBD492798C4}.Release|x64.ActiveCfg = Release|x64
		{61F0B561-CF88-4898-A6DF-ADBD492798C4}.Release|x64.Build.0 = Release|x64
		{61F0B561-CF88-4898-A6DF-ADBD492798C4}.Release|x86.ActiveCfg = Release|Win32
		{61F0B561-CF88-4898-A6DF-ADBD492798C4}.Release|x86.Build.0 = Release|Win32
		{4F7F1706-83D7-4E85-803C-44A080C7A3FA}.Debug|x64.ActiveCfg = Debug|x64
		{4F7F1706-83D7-4E85-803C-44A080C7A3FA}.Debug|x64.Build.0 = Debug|x64
		{4F7F1706-83D7-4E85-803C-44A080C7A3FA}.Debug|x86.ActiveCfg = Debug|Win32
		{4F7F1706-83D7-4E85-803C-44A080C7A3FA}.Debug|x86.Build.0 = Debug|Win32
		{4F7F1706-83D7-4E85-803C-44A080C7A3FA}.Release|x64.ActiveCfg = Release|x64
		{4F7F1706-83D7-4E85-803C-44A080C7A3FA}.Release|x64.Build.0 = Release|x64
		{4F7F1706-83D7-4E85-803C-44A080C7A3FA}.Release|x86.ActiveCfg = Release|Win32
		{4F7F1706-83D7-4E85-803C-44A080C7A3FA}.Release|x86.Build.0 = Release|Win32
	EndGlobalSection
	GlobalSection(SolutionProperties) = preSolution
		HideSolutionNode = FALSE
	EndGlobalSection
	GlobalSection(ExtensibilityGlobals) = postSolution
		SolutionGuid = {9F36F741-93FF-4BD8-9830-E4B3A50EC44A}
	EndGlobalSection
EndGlobal
